// !$*UTF8*$!
{
	archiveVersion = 1;
	classes = {
	};
	objectVersion = 56;
	objects = {

/* Begin PBXBuildFile section */
		0349B0342C2996DA005E7A6C /* puxando.swift in Sources */ = {isa = PBXBuildFile; fileRef = 0349B0332C2996DA005E7A6C /* puxando.swift */; };
		0349B0362C299785005E7A6C /* testedestruct.swift in Sources */ = {isa = PBXBuildFile; fileRef = 0349B0352C299785005E7A6C /* testedestruct.swift */; };
		0351679C2C230CA4008EBE5C /* MedalbumApp.swift in Sources */ = {isa = PBXBuildFile; fileRef = 0351679B2C230CA4008EBE5C /* MedalbumApp.swift */; };
		0351679E2C230CA4008EBE5C /* ContentView.swift in Sources */ = {isa = PBXBuildFile; fileRef = 0351679D2C230CA4008EBE5C /* ContentView.swift */; };
		035167A02C230CA5008EBE5C /* Assets.xcassets in Resources */ = {isa = PBXBuildFile; fileRef = 0351679F2C230CA5008EBE5C /* Assets.xcassets */; };
		035167A32C230CA5008EBE5C /* Preview Assets.xcassets in Resources */ = {isa = PBXBuildFile; fileRef = 035167A22C230CA5008EBE5C /* Preview Assets.xcassets */; };
		035167AD2C230CA5008EBE5C /* MedalbumTests.swift in Sources */ = {isa = PBXBuildFile; fileRef = 035167AC2C230CA5008EBE5C /* MedalbumTests.swift */; };
		035167B72C230CA5008EBE5C /* MedalbumUITests.swift in Sources */ = {isa = PBXBuildFile; fileRef = 035167B62C230CA5008EBE5C /* MedalbumUITests.swift */; };
		035167B92C230CA5008EBE5C /* MedalbumUITestsLaunchTests.swift in Sources */ = {isa = PBXBuildFile; fileRef = 035167B82C230CA5008EBE5C /* MedalbumUITestsLaunchTests.swift */; };
		037A0D762C2C5AF8008B35BB /* CategoryTreatment.swift in Sources */ = {isa = PBXBuildFile; fileRef = 037A0D752C2C5AF8008B35BB /* CategoryTreatment.swift */; };
		037A0D782C3314DB008B35BB /* CardView.swift in Sources */ = {isa = PBXBuildFile; fileRef = 037A0D772C3314DB008B35BB /* CardView.swift */; };
		037A0D7A2C333A99008B35BB /* ExtractData.swift in Sources */ = {isa = PBXBuildFile; fileRef = 037A0D792C333A99008B35BB /* ExtractData.swift */; };
		037A0D7C2C357B37008B35BB /* ImageTreatment.swift in Sources */ = {isa = PBXBuildFile; fileRef = 037A0D7B2C357B37008B35BB /* ImageTreatment.swift */; };
		3F0E50AA2C2AEFE0009F76D7 /* UnitsAPIService.swift in Sources */ = {isa = PBXBuildFile; fileRef = 3F0E50A92C2AEFE0009F76D7 /* UnitsAPIService.swift */; };
		3F0E50AD2C2AF01F009F76D7 /* UnitsView.swift in Sources */ = {isa = PBXBuildFile; fileRef = 3F0E50AC2C2AF01F009F76D7 /* UnitsView.swift */; };
		3F0E50AF2C2AF180009F76D7 /* UnitDetailView.swift in Sources */ = {isa = PBXBuildFile; fileRef = 3F0E50AE2C2AF180009F76D7 /* UnitDetailView.swift */; };
		3F7F4BBB2C3EEA32001378B9 /* LiveView.swift in Sources */ = {isa = PBXBuildFile; fileRef = 3F7F4BBA2C3EEA32001378B9 /* LiveView.swift */; };
		3F7F4BBD2C4044EE001378B9 /* Category.swift in Sources */ = {isa = PBXBuildFile; fileRef = 3F7F4BBC2C4044EE001378B9 /* Category.swift */; };
		3F7F4BBF2C404547001378B9 /* PlaceholderCardView.swift in Sources */ = {isa = PBXBuildFile; fileRef = 3F7F4BBE2C404547001378B9 /* PlaceholderCardView.swift */; };
		3F7F4BC12C404620001378B9 /* Unit.swift in Sources */ = {isa = PBXBuildFile; fileRef = 3F7F4BC02C404620001378B9 /* Unit.swift */; };
		3FB236F02C3D1BCA00A30977 /* TextStyleModifier.swift in Sources */ = {isa = PBXBuildFile; fileRef = 3FB236EF2C3D1BCA00A30977 /* TextStyleModifier.swift */; };
		3FB236F22C3DA4DB00A30977 /* ScheduleView.swift in Sources */ = {isa = PBXBuildFile; fileRef = 3FB236F12C3DA4DB00A30977 /* ScheduleView.swift */; };
		3FB236F42C3DC49100A30977 /* Color.swift in Sources */ = {isa = PBXBuildFile; fileRef = 3FB236F32C3DC49100A30977 /* Color.swift */; };
/* End PBXBuildFile section */

/* Begin PBXContainerItemProxy section */
		035167A92C230CA5008EBE5C /* PBXContainerItemProxy */ = {
			isa = PBXContainerItemProxy;
			containerPortal = 035167902C230CA4008EBE5C /* Project object */;
			proxyType = 1;
			remoteGlobalIDString = 035167972C230CA4008EBE5C;
			remoteInfo = Medalbum;
		};
		035167B32C230CA5008EBE5C /* PBXContainerItemProxy */ = {
			isa = PBXContainerItemProxy;
			containerPortal = 035167902C230CA4008EBE5C /* Project object */;
			proxyType = 1;
			remoteGlobalIDString = 035167972C230CA4008EBE5C;
			remoteInfo = Medalbum;
		};
/* End PBXContainerItemProxy section */

/* Begin PBXFileReference section */
		0349B0332C2996DA005E7A6C /* puxando.swift */ = {isa = PBXFileReference; lastKnownFileType = sourcecode.swift; path = puxando.swift; sourceTree = "<group>"; };
		0349B0352C299785005E7A6C /* testedestruct.swift */ = {isa = PBXFileReference; lastKnownFileType = sourcecode.swift; path = testedestruct.swift; sourceTree = "<group>"; };
		035167982C230CA4008EBE5C /* Medalbum.app */ = {isa = PBXFileReference; explicitFileType = wrapper.application; includeInIndex = 0; path = Medalbum.app; sourceTree = BUILT_PRODUCTS_DIR; };
		0351679B2C230CA4008EBE5C /* MedalbumApp.swift */ = {isa = PBXFileReference; lastKnownFileType = sourcecode.swift; path = MedalbumApp.swift; sourceTree = "<group>"; };
		0351679D2C230CA4008EBE5C /* ContentView.swift */ = {isa = PBXFileReference; lastKnownFileType = sourcecode.swift; path = ContentView.swift; sourceTree = "<group>"; };
		0351679F2C230CA5008EBE5C /* Assets.xcassets */ = {isa = PBXFileReference; lastKnownFileType = folder.assetcatalog; path = Assets.xcassets; sourceTree = "<group>"; };
		035167A22C230CA5008EBE5C /* Preview Assets.xcassets */ = {isa = PBXFileReference; lastKnownFileType = folder.assetcatalog; path = "Preview Assets.xcassets"; sourceTree = "<group>"; };
		035167A82C230CA5008EBE5C /* MedalbumTests.xctest */ = {isa = PBXFileReference; explicitFileType = wrapper.cfbundle; includeInIndex = 0; path = MedalbumTests.xctest; sourceTree = BUILT_PRODUCTS_DIR; };
		035167AC2C230CA5008EBE5C /* MedalbumTests.swift */ = {isa = PBXFileReference; lastKnownFileType = sourcecode.swift; path = MedalbumTests.swift; sourceTree = "<group>"; };
		035167B22C230CA5008EBE5C /* MedalbumUITests.xctest */ = {isa = PBXFileReference; explicitFileType = wrapper.cfbundle; includeInIndex = 0; path = MedalbumUITests.xctest; sourceTree = BUILT_PRODUCTS_DIR; };
		035167B62C230CA5008EBE5C /* MedalbumUITests.swift */ = {isa = PBXFileReference; lastKnownFileType = sourcecode.swift; path = MedalbumUITests.swift; sourceTree = "<group>"; };
		035167B82C230CA5008EBE5C /* MedalbumUITestsLaunchTests.swift */ = {isa = PBXFileReference; lastKnownFileType = sourcecode.swift; path = MedalbumUITestsLaunchTests.swift; sourceTree = "<group>"; };
		037A0D752C2C5AF8008B35BB /* CategoryTreatment.swift */ = {isa = PBXFileReference; lastKnownFileType = sourcecode.swift; path = CategoryTreatment.swift; sourceTree = "<group>"; };
		037A0D772C3314DB008B35BB /* CardView.swift */ = {isa = PBXFileReference; lastKnownFileType = sourcecode.swift; path = CardView.swift; sourceTree = "<group>"; };
		037A0D792C333A99008B35BB /* ExtractData.swift */ = {isa = PBXFileReference; lastKnownFileType = sourcecode.swift; path = ExtractData.swift; sourceTree = "<group>"; };
		037A0D7B2C357B37008B35BB /* ImageTreatment.swift */ = {isa = PBXFileReference; lastKnownFileType = sourcecode.swift; path = ImageTreatment.swift; sourceTree = "<group>"; };
		3F0E50A92C2AEFE0009F76D7 /* UnitsAPIService.swift */ = {isa = PBXFileReference; lastKnownFileType = sourcecode.swift; path = UnitsAPIService.swift; sourceTree = "<group>"; };
		3F0E50AC2C2AF01F009F76D7 /* UnitsView.swift */ = {isa = PBXFileReference; lastKnownFileType = sourcecode.swift; path = UnitsView.swift; sourceTree = "<group>"; };
		3F0E50AE2C2AF180009F76D7 /* UnitDetailView.swift */ = {isa = PBXFileReference; lastKnownFileType = sourcecode.swift; path = UnitDetailView.swift; sourceTree = "<group>"; };
		3F7F4BBA2C3EEA32001378B9 /* LiveView.swift */ = {isa = PBXFileReference; lastKnownFileType = sourcecode.swift; path = LiveView.swift; sourceTree = "<group>"; };
		3F7F4BBC2C4044EE001378B9 /* Category.swift */ = {isa = PBXFileReference; lastKnownFileType = sourcecode.swift; path = Category.swift; sourceTree = "<group>"; };
		3F7F4BBE2C404547001378B9 /* PlaceholderCardView.swift */ = {isa = PBXFileReference; lastKnownFileType = sourcecode.swift; path = PlaceholderCardView.swift; sourceTree = "<group>"; };
		3F7F4BC02C404620001378B9 /* Unit.swift */ = {isa = PBXFileReference; lastKnownFileType = sourcecode.swift; path = Unit.swift; sourceTree = "<group>"; };
		3FB236EF2C3D1BCA00A30977 /* TextStyleModifier.swift */ = {isa = PBXFileReference; lastKnownFileType = sourcecode.swift; path = TextStyleModifier.swift; sourceTree = "<group>"; };
		3FB236F12C3DA4DB00A30977 /* ScheduleView.swift */ = {isa = PBXFileReference; lastKnownFileType = sourcecode.swift; path = ScheduleView.swift; sourceTree = "<group>"; };
		3FB236F32C3DC49100A30977 /* Color.swift */ = {isa = PBXFileReference; lastKnownFileType = sourcecode.swift; path = Color.swift; sourceTree = "<group>"; };
/* End PBXFileReference section */

/* Begin PBXFrameworksBuildPhase section */
		035167952C230CA4008EBE5C /* Frameworks */ = {
			isa = PBXFrameworksBuildPhase;
			buildActionMask = 2147483647;
			files = (
			);
			runOnlyForDeploymentPostprocessing = 0;
		};
		035167A52C230CA5008EBE5C /* Frameworks */ = {
			isa = PBXFrameworksBuildPhase;
			buildActionMask = 2147483647;
			files = (
			);
			runOnlyForDeploymentPostprocessing = 0;
		};
		035167AF2C230CA5008EBE5C /* Frameworks */ = {
			isa = PBXFrameworksBuildPhase;
			buildActionMask = 2147483647;
			files = (
			);
			runOnlyForDeploymentPostprocessing = 0;
		};
/* End PBXFrameworksBuildPhase section */

/* Begin PBXGroup section */
		0351678F2C230CA4008EBE5C = {
			isa = PBXGroup;
			children = (
				0351679A2C230CA4008EBE5C /* Medalbum */,
				035167AB2C230CA5008EBE5C /* MedalbumTests */,
				035167B52C230CA5008EBE5C /* MedalbumUITests */,
				035167992C230CA4008EBE5C /* Products */,
			);
			sourceTree = "<group>";
		};
		035167992C230CA4008EBE5C /* Products */ = {
			isa = PBXGroup;
			children = (
				035167982C230CA4008EBE5C /* Medalbum.app */,
				035167A82C230CA5008EBE5C /* MedalbumTests.xctest */,
				035167B22C230CA5008EBE5C /* MedalbumUITests.xctest */,
			);
			name = Products;
			sourceTree = "<group>";
		};
		0351679A2C230CA4008EBE5C /* Medalbum */ = {
			isa = PBXGroup;
			children = (
				3FB236EC2C3D132C00A30977 /* Features */,
				037A0D742C2C5A75008B35BB /* Model */,
				3F0E50AB2C2AEFFA009F76D7 /* Views */,
				035167A12C230CA5008EBE5C /* Preview Content */,
				0351679B2C230CA4008EBE5C /* MedalbumApp.swift */,
				3F0E50A92C2AEFE0009F76D7 /* UnitsAPIService.swift */,
				0351679D2C230CA4008EBE5C /* ContentView.swift */,
				0349B0332C2996DA005E7A6C /* puxando.swift */,
				0349B0352C299785005E7A6C /* testedestruct.swift */,
				0351679F2C230CA5008EBE5C /* Assets.xcassets */,
			);
			path = Medalbum;
			sourceTree = "<group>";
		};
		035167A12C230CA5008EBE5C /* Preview Content */ = {
			isa = PBXGroup;
			children = (
				035167A22C230CA5008EBE5C /* Preview Assets.xcassets */,
			);
			path = "Preview Content";
			sourceTree = "<group>";
		};
		035167AB2C230CA5008EBE5C /* MedalbumTests */ = {
			isa = PBXGroup;
			children = (
				035167AC2C230CA5008EBE5C /* MedalbumTests.swift */,
			);
			path = MedalbumTests;
			sourceTree = "<group>";
		};
		035167B52C230CA5008EBE5C /* MedalbumUITests */ = {
			isa = PBXGroup;
			children = (
				035167B62C230CA5008EBE5C /* MedalbumUITests.swift */,
				035167B82C230CA5008EBE5C /* MedalbumUITestsLaunchTests.swift */,
			);
			path = MedalbumUITests;
			sourceTree = "<group>";
		};
		037A0D742C2C5A75008B35BB /* Model */ = {
			isa = PBXGroup;
			children = (
				037A0D752C2C5AF8008B35BB /* CategoryTreatment.swift */,
				037A0D792C333A99008B35BB /* ExtractData.swift */,
				037A0D7B2C357B37008B35BB /* ImageTreatment.swift */,
				3F7F4BBC2C4044EE001378B9 /* Category.swift */,
				3F7F4BC02C404620001378B9 /* Unit.swift */,
			);
			path = Model;
			sourceTree = "<group>";
		};
		3F0E50AB2C2AEFFA009F76D7 /* Views */ = {
			isa = PBXGroup;
			children = (
				3F0E50AE2C2AF180009F76D7 /* UnitDetailView.swift */,
				3F0E50AC2C2AF01F009F76D7 /* UnitsView.swift */,
				037A0D772C3314DB008B35BB /* CardView.swift */,
				3FB236F12C3DA4DB00A30977 /* ScheduleView.swift */,
				3F7F4BBA2C3EEA32001378B9 /* LiveView.swift */,
				3F7F4BBE2C404547001378B9 /* PlaceholderCardView.swift */,
			);
			path = Views;
			sourceTree = "<group>";
		};
		3FB236EC2C3D132C00A30977 /* Features */ = {
			isa = PBXGroup;
			children = (
				3FB236EF2C3D1BCA00A30977 /* TextStyleModifier.swift */,
				3FB236F32C3DC49100A30977 /* Color.swift */,
			);
			path = Features;
			sourceTree = "<group>";
		};
/* End PBXGroup section */

/* Begin PBXNativeTarget section */
		035167972C230CA4008EBE5C /* Medalbum */ = {
			isa = PBXNativeTarget;
			buildConfigurationList = 035167BC2C230CA5008EBE5C /* Build configuration list for PBXNativeTarget "Medalbum" */;
			buildPhases = (
				035167942C230CA4008EBE5C /* Sources */,
				035167952C230CA4008EBE5C /* Frameworks */,
				035167962C230CA4008EBE5C /* Resources */,
			);
			buildRules = (
			);
			dependencies = (
			);
			name = Medalbum;
			productName = Medalbum;
			productReference = 035167982C230CA4008EBE5C /* Medalbum.app */;
			productType = "com.apple.product-type.application";
		};
		035167A72C230CA5008EBE5C /* MedalbumTests */ = {
			isa = PBXNativeTarget;
			buildConfigurationList = 035167BF2C230CA5008EBE5C /* Build configuration list for PBXNativeTarget "MedalbumTests" */;
			buildPhases = (
				035167A42C230CA5008EBE5C /* Sources */,
				035167A52C230CA5008EBE5C /* Frameworks */,
				035167A62C230CA5008EBE5C /* Resources */,
			);
			buildRules = (
			);
			dependencies = (
				035167AA2C230CA5008EBE5C /* PBXTargetDependency */,
			);
			name = MedalbumTests;
			productName = MedalbumTests;
			productReference = 035167A82C230CA5008EBE5C /* MedalbumTests.xctest */;
			productType = "com.apple.product-type.bundle.unit-test";
		};
		035167B12C230CA5008EBE5C /* MedalbumUITests */ = {
			isa = PBXNativeTarget;
			buildConfigurationList = 035167C22C230CA5008EBE5C /* Build configuration list for PBXNativeTarget "MedalbumUITests" */;
			buildPhases = (
				035167AE2C230CA5008EBE5C /* Sources */,
				035167AF2C230CA5008EBE5C /* Frameworks */,
				035167B02C230CA5008EBE5C /* Resources */,
			);
			buildRules = (
			);
			dependencies = (
				035167B42C230CA5008EBE5C /* PBXTargetDependency */,
			);
			name = MedalbumUITests;
			productName = MedalbumUITests;
			productReference = 035167B22C230CA5008EBE5C /* MedalbumUITests.xctest */;
			productType = "com.apple.product-type.bundle.ui-testing";
		};
/* End PBXNativeTarget section */

/* Begin PBXProject section */
		035167902C230CA4008EBE5C /* Project object */ = {
			isa = PBXProject;
			attributes = {
				BuildIndependentTargetsInParallel = 1;
				LastSwiftUpdateCheck = 1540;
				LastUpgradeCheck = 1540;
				TargetAttributes = {
					035167972C230CA4008EBE5C = {
						CreatedOnToolsVersion = 15.4;
					};
					035167A72C230CA5008EBE5C = {
						CreatedOnToolsVersion = 15.4;
						TestTargetID = 035167972C230CA4008EBE5C;
					};
					035167B12C230CA5008EBE5C = {
						CreatedOnToolsVersion = 15.4;
						TestTargetID = 035167972C230CA4008EBE5C;
					};
				};
			};
			buildConfigurationList = 035167932C230CA4008EBE5C /* Build configuration list for PBXProject "Medalbum" */;
			compatibilityVersion = "Xcode 14.0";
			developmentRegion = en;
			hasScannedForEncodings = 0;
			knownRegions = (
				en,
				Base,
			);
			mainGroup = 0351678F2C230CA4008EBE5C;
			productRefGroup = 035167992C230CA4008EBE5C /* Products */;
			projectDirPath = "";
			projectRoot = "";
			targets = (
				035167972C230CA4008EBE5C /* Medalbum */,
				035167A72C230CA5008EBE5C /* MedalbumTests */,
				035167B12C230CA5008EBE5C /* MedalbumUITests */,
			);
		};
/* End PBXProject section */

/* Begin PBXResourcesBuildPhase section */
		035167962C230CA4008EBE5C /* Resources */ = {
			isa = PBXResourcesBuildPhase;
			buildActionMask = 2147483647;
			files = (
				035167A32C230CA5008EBE5C /* Preview Assets.xcassets in Resources */,
				035167A02C230CA5008EBE5C /* Assets.xcassets in Resources */,
			);
			runOnlyForDeploymentPostprocessing = 0;
		};
		035167A62C230CA5008EBE5C /* Resources */ = {
			isa = PBXResourcesBuildPhase;
			buildActionMask = 2147483647;
			files = (
			);
			runOnlyForDeploymentPostprocessing = 0;
		};
		035167B02C230CA5008EBE5C /* Resources */ = {
			isa = PBXResourcesBuildPhase;
			buildActionMask = 2147483647;
			files = (
			);
			runOnlyForDeploymentPostprocessing = 0;
		};
/* End PBXResourcesBuildPhase section */

/* Begin PBXSourcesBuildPhase section */
		035167942C230CA4008EBE5C /* Sources */ = {
			isa = PBXSourcesBuildPhase;
			buildActionMask = 2147483647;
			files = (
				3F0E50AA2C2AEFE0009F76D7 /* UnitsAPIService.swift in Sources */,
				037A0D7A2C333A99008B35BB /* ExtractData.swift in Sources */,
				037A0D782C3314DB008B35BB /* CardView.swift in Sources */,
				3F7F4BC12C404620001378B9 /* Unit.swift in Sources */,
				0351679E2C230CA4008EBE5C /* ContentView.swift in Sources */,
				3F0E50AD2C2AF01F009F76D7 /* UnitsView.swift in Sources */,
				3F0E50AF2C2AF180009F76D7 /* UnitDetailView.swift in Sources */,
				3F7F4BBB2C3EEA32001378B9 /* LiveView.swift in Sources */,
				3F7F4BBD2C4044EE001378B9 /* Category.swift in Sources */,
				037A0D762C2C5AF8008B35BB /* CategoryTreatment.swift in Sources */,
				3F7F4BBF2C404547001378B9 /* PlaceholderCardView.swift in Sources */,
				0349B0362C299785005E7A6C /* testedestruct.swift in Sources */,
				037A0D7C2C357B37008B35BB /* ImageTreatment.swift in Sources */,
				3FB236F42C3DC49100A30977 /* Color.swift in Sources */,
				0351679C2C230CA4008EBE5C /* MedalbumApp.swift in Sources */,
				0349B0342C2996DA005E7A6C /* puxando.swift in Sources */,
				3FB236F22C3DA4DB00A30977 /* ScheduleView.swift in Sources */,
				3FB236F02C3D1BCA00A30977 /* TextStyleModifier.swift in Sources */,
			);
			runOnlyForDeploymentPostprocessing = 0;
		};
		035167A42C230CA5008EBE5C /* Sources */ = {
			isa = PBXSourcesBuildPhase;
			buildActionMask = 2147483647;
			files = (
				035167AD2C230CA5008EBE5C /* MedalbumTests.swift in Sources */,
			);
			runOnlyForDeploymentPostprocessing = 0;
		};
		035167AE2C230CA5008EBE5C /* Sources */ = {
			isa = PBXSourcesBuildPhase;
			buildActionMask = 2147483647;
			files = (
				035167B92C230CA5008EBE5C /* MedalbumUITestsLaunchTests.swift in Sources */,
				035167B72C230CA5008EBE5C /* MedalbumUITests.swift in Sources */,
			);
			runOnlyForDeploymentPostprocessing = 0;
		};
/* End PBXSourcesBuildPhase section */

/* Begin PBXTargetDependency section */
		035167AA2C230CA5008EBE5C /* PBXTargetDependency */ = {
			isa = PBXTargetDependency;
			target = 035167972C230CA4008EBE5C /* Medalbum */;
			targetProxy = 035167A92C230CA5008EBE5C /* PBXContainerItemProxy */;
		};
		035167B42C230CA5008EBE5C /* PBXTargetDependency */ = {
			isa = PBXTargetDependency;
			target = 035167972C230CA4008EBE5C /* Medalbum */;
			targetProxy = 035167B32C230CA5008EBE5C /* PBXContainerItemProxy */;
		};
/* End PBXTargetDependency section */

/* Begin XCBuildConfiguration section */
		035167BA2C230CA5008EBE5C /* Debug */ = {
			isa = XCBuildConfiguration;
			buildSettings = {
				ALWAYS_SEARCH_USER_PATHS = NO;
				ASSETCATALOG_COMPILER_GENERATE_SWIFT_ASSET_SYMBOL_EXTENSIONS = YES;
				CLANG_ANALYZER_NONNULL = YES;
				CLANG_ANALYZER_NUMBER_OBJECT_CONVERSION = YES_AGGRESSIVE;
				CLANG_CXX_LANGUAGE_STANDARD = "gnu++20";
				CLANG_ENABLE_MODULES = YES;
				CLANG_ENABLE_OBJC_ARC = YES;
				CLANG_ENABLE_OBJC_WEAK = YES;
				CLANG_WARN_BLOCK_CAPTURE_AUTORELEASING = YES;
				CLANG_WARN_BOOL_CONVERSION = YES;
				CLANG_WARN_COMMA = YES;
				CLANG_WARN_CONSTANT_CONVERSION = YES;
				CLANG_WARN_DEPRECATED_OBJC_IMPLEMENTATIONS = YES;
				CLANG_WARN_DIRECT_OBJC_ISA_USAGE = YES_ERROR;
				CLANG_WARN_DOCUMENTATION_COMMENTS = YES;
				CLANG_WARN_EMPTY_BODY = YES;
				CLANG_WARN_ENUM_CONVERSION = YES;
				CLANG_WARN_INFINITE_RECURSION = YES;
				CLANG_WARN_INT_CONVERSION = YES;
				CLANG_WARN_NON_LITERAL_NULL_CONVERSION = YES;
				CLANG_WARN_OBJC_IMPLICIT_RETAIN_SELF = YES;
				CLANG_WARN_OBJC_LITERAL_CONVERSION = YES;
				CLANG_WARN_OBJC_ROOT_CLASS = YES_ERROR;
				CLANG_WARN_QUOTED_INCLUDE_IN_FRAMEWORK_HEADER = YES;
				CLANG_WARN_RANGE_LOOP_ANALYSIS = YES;
				CLANG_WARN_STRICT_PROTOTYPES = YES;
				CLANG_WARN_SUSPICIOUS_MOVE = YES;
				CLANG_WARN_UNGUARDED_AVAILABILITY = YES_AGGRESSIVE;
				CLANG_WARN_UNREACHABLE_CODE = YES;
				CLANG_WARN__DUPLICATE_METHOD_MATCH = YES;
				COPY_PHASE_STRIP = NO;
				DEBUG_INFORMATION_FORMAT = dwarf;
				ENABLE_STRICT_OBJC_MSGSEND = YES;
				ENABLE_TESTABILITY = YES;
				ENABLE_USER_SCRIPT_SANDBOXING = YES;
				GCC_C_LANGUAGE_STANDARD = gnu17;
				GCC_DYNAMIC_NO_PIC = NO;
				GCC_NO_COMMON_BLOCKS = YES;
				GCC_OPTIMIZATION_LEVEL = 0;
				GCC_PREPROCESSOR_DEFINITIONS = (
					"DEBUG=1",
					"$(inherited)",
				);
				GCC_WARN_64_TO_32_BIT_CONVERSION = YES;
				GCC_WARN_ABOUT_RETURN_TYPE = YES_ERROR;
				GCC_WARN_UNDECLARED_SELECTOR = YES;
				GCC_WARN_UNINITIALIZED_AUTOS = YES_AGGRESSIVE;
				GCC_WARN_UNUSED_FUNCTION = YES;
				GCC_WARN_UNUSED_VARIABLE = YES;
				IPHONEOS_DEPLOYMENT_TARGET = 17.5;
				LOCALIZATION_PREFERS_STRING_CATALOGS = YES;
				MTL_ENABLE_DEBUG_INFO = INCLUDE_SOURCE;
				MTL_FAST_MATH = YES;
				ONLY_ACTIVE_ARCH = YES;
				SDKROOT = iphoneos;
				SWIFT_ACTIVE_COMPILATION_CONDITIONS = "DEBUG $(inherited)";
				SWIFT_OPTIMIZATION_LEVEL = "-Onone";
			};
			name = Debug;
		};
		035167BB2C230CA5008EBE5C /* Release */ = {
			isa = XCBuildConfiguration;
			buildSettings = {
				ALWAYS_SEARCH_USER_PATHS = NO;
				ASSETCATALOG_COMPILER_GENERATE_SWIFT_ASSET_SYMBOL_EXTENSIONS = YES;
				CLANG_ANALYZER_NONNULL = YES;
				CLANG_ANALYZER_NUMBER_OBJECT_CONVERSION = YES_AGGRESSIVE;
				CLANG_CXX_LANGUAGE_STANDARD = "gnu++20";
				CLANG_ENABLE_MODULES = YES;
				CLANG_ENABLE_OBJC_ARC = YES;
				CLANG_ENABLE_OBJC_WEAK = YES;
				CLANG_WARN_BLOCK_CAPTURE_AUTORELEASING = YES;
				CLANG_WARN_BOOL_CONVERSION = YES;
				CLANG_WARN_COMMA = YES;
				CLANG_WARN_CONSTANT_CONVERSION = YES;
				CLANG_WARN_DEPRECATED_OBJC_IMPLEMENTATIONS = YES;
				CLANG_WARN_DIRECT_OBJC_ISA_USAGE = YES_ERROR;
				CLANG_WARN_DOCUMENTATION_COMMENTS = YES;
				CLANG_WARN_EMPTY_BODY = YES;
				CLANG_WARN_ENUM_CONVERSION = YES;
				CLANG_WARN_INFINITE_RECURSION = YES;
				CLANG_WARN_INT_CONVERSION = YES;
				CLANG_WARN_NON_LITERAL_NULL_CONVERSION = YES;
				CLANG_WARN_OBJC_IMPLICIT_RETAIN_SELF = YES;
				CLANG_WARN_OBJC_LITERAL_CONVERSION = YES;
				CLANG_WARN_OBJC_ROOT_CLASS = YES_ERROR;
				CLANG_WARN_QUOTED_INCLUDE_IN_FRAMEWORK_HEADER = YES;
				CLANG_WARN_RANGE_LOOP_ANALYSIS = YES;
				CLANG_WARN_STRICT_PROTOTYPES = YES;
				CLANG_WARN_SUSPICIOUS_MOVE = YES;
				CLANG_WARN_UNGUARDED_AVAILABILITY = YES_AGGRESSIVE;
				CLANG_WARN_UNREACHABLE_CODE = YES;
				CLANG_WARN__DUPLICATE_METHOD_MATCH = YES;
				COPY_PHASE_STRIP = NO;
				DEBUG_INFORMATION_FORMAT = "dwarf-with-dsym";
				ENABLE_NS_ASSERTIONS = NO;
				ENABLE_STRICT_OBJC_MSGSEND = YES;
				ENABLE_USER_SCRIPT_SANDBOXING = YES;
				GCC_C_LANGUAGE_STANDARD = gnu17;
				GCC_NO_COMMON_BLOCKS = YES;
				GCC_WARN_64_TO_32_BIT_CONVERSION = YES;
				GCC_WARN_ABOUT_RETURN_TYPE = YES_ERROR;
				GCC_WARN_UNDECLARED_SELECTOR = YES;
				GCC_WARN_UNINITIALIZED_AUTOS = YES_AGGRESSIVE;
				GCC_WARN_UNUSED_FUNCTION = YES;
				GCC_WARN_UNUSED_VARIABLE = YES;
				IPHONEOS_DEPLOYMENT_TARGET = 17.5;
				LOCALIZATION_PREFERS_STRING_CATALOGS = YES;
				MTL_ENABLE_DEBUG_INFO = NO;
				MTL_FAST_MATH = YES;
				SDKROOT = iphoneos;
				SWIFT_COMPILATION_MODE = wholemodule;
				VALIDATE_PRODUCT = YES;
			};
			name = Release;
		};
		035167BD2C230CA5008EBE5C /* Debug */ = {
			isa = XCBuildConfiguration;
			buildSettings = {
				ASSETCATALOG_COMPILER_APPICON_NAME = AppIcon;
				ASSETCATALOG_COMPILER_GLOBAL_ACCENT_COLOR_NAME = AccentColor;
				ASSETCATALOG_COMPILER_INCLUDE_ALL_APPICON_ASSETS = NO;
				CODE_SIGN_STYLE = Automatic;
				CURRENT_PROJECT_VERSION = 1;
				DEVELOPMENT_ASSET_PATHS = "\"Medalbum/Preview Content\"";
				DEVELOPMENT_TEAM = J7T48SP5FT;
				ENABLE_PREVIEWS = YES;
				GENERATE_INFOPLIST_FILE = YES;
				INFOPLIST_KEY_UIApplicationSceneManifest_Generation = YES;
				INFOPLIST_KEY_UIApplicationSupportsIndirectInputEvents = YES;
				INFOPLIST_KEY_UILaunchScreen_Generation = YES;
				INFOPLIST_KEY_UILaunchStoryboardName = "";
				INFOPLIST_KEY_UISupportedInterfaceOrientations_iPad = "UIInterfaceOrientationPortrait UIInterfaceOrientationPortraitUpsideDown UIInterfaceOrientationLandscapeLeft UIInterfaceOrientationLandscapeRight";
				INFOPLIST_KEY_UISupportedInterfaceOrientations_iPhone = "UIInterfaceOrientationPortrait UIInterfaceOrientationLandscapeLeft UIInterfaceOrientationLandscapeRight";
				IPHONEOS_DEPLOYMENT_TARGET = 17.4;
				LD_RUNPATH_SEARCH_PATHS = (
					"$(inherited)",
					"@executable_path/Frameworks",
				);
				MARKETING_VERSION = 1.0;
				PRODUCT_BUNDLE_IDENTIFIER = com.brunohd.Medalbum;
				PRODUCT_NAME = "$(TARGET_NAME)";
				SUPPORTED_PLATFORMS = "iphoneos iphonesimulator";
				SUPPORTS_MACCATALYST = NO;
				SUPPORTS_MAC_DESIGNED_FOR_IPHONE_IPAD = NO;
				SUPPORTS_XR_DESIGNED_FOR_IPHONE_IPAD = NO;
				SWIFT_EMIT_LOC_STRINGS = YES;
				SWIFT_VERSION = 5.0;
				TARGETED_DEVICE_FAMILY = 1;
			};
			name = Debug;
		};
		035167BE2C230CA5008EBE5C /* Release */ = {
			isa = XCBuildConfiguration;
			buildSettings = {
				ASSETCATALOG_COMPILER_APPICON_NAME = AppIcon;
				ASSETCATALOG_COMPILER_GLOBAL_ACCENT_COLOR_NAME = AccentColor;
				ASSETCATALOG_COMPILER_INCLUDE_ALL_APPICON_ASSETS = NO;
				CODE_SIGN_STYLE = Automatic;
				CURRENT_PROJECT_VERSION = 1;
				DEVELOPMENT_ASSET_PATHS = "\"Medalbum/Preview Content\"";
				DEVELOPMENT_TEAM = J7T48SP5FT;
				ENABLE_PREVIEWS = YES;
				GENERATE_INFOPLIST_FILE = YES;
				INFOPLIST_KEY_UIApplicationSceneManifest_Generation = YES;
				INFOPLIST_KEY_UIApplicationSupportsIndirectInputEvents = YES;
				INFOPLIST_KEY_UILaunchScreen_Generation = YES;
				INFOPLIST_KEY_UILaunchStoryboardName = "";
				INFOPLIST_KEY_UISupportedInterfaceOrientations_iPad = "UIInterfaceOrientationPortrait UIInterfaceOrientationPortraitUpsideDown UIInterfaceOrientationLandscapeLeft UIInterfaceOrientationLandscapeRight";
				INFOPLIST_KEY_UISupportedInterfaceOrientations_iPhone = "UIInterfaceOrientationPortrait UIInterfaceOrientationLandscapeLeft UIInterfaceOrientationLandscapeRight";
				IPHONEOS_DEPLOYMENT_TARGET = 17.4;
				LD_RUNPATH_SEARCH_PATHS = (
					"$(inherited)",
					"@executable_path/Frameworks",
				);
				MARKETING_VERSION = 1.0;
				PRODUCT_BUNDLE_IDENTIFIER = com.brunohd.Medalbum;
				PRODUCT_NAME = "$(TARGET_NAME)";
				SUPPORTED_PLATFORMS = "iphoneos iphonesimulator";
				SUPPORTS_MACCATALYST = NO;
				SUPPORTS_MAC_DESIGNED_FOR_IPHONE_IPAD = NO;
				SUPPORTS_XR_DESIGNED_FOR_IPHONE_IPAD = NO;
				SWIFT_EMIT_LOC_STRINGS = YES;
				SWIFT_VERSION = 5.0;
				TARGETED_DEVICE_FAMILY = 1;
			};
			name = Release;
		};
		035167C02C230CA5008EBE5C /* Debug */ = {
			isa = XCBuildConfiguration;
			buildSettings = {
				ALWAYS_EMBED_SWIFT_STANDARD_LIBRARIES = YES;
				BUNDLE_LOADER = "$(TEST_HOST)";
				CODE_SIGN_STYLE = Automatic;
				CURRENT_PROJECT_VERSION = 1;
				DEVELOPMENT_TEAM = J7T48SP5FT;
				GENERATE_INFOPLIST_FILE = YES;
				IPHONEOS_DEPLOYMENT_TARGET = 17.5;
				MARKETING_VERSION = 1.0;
				PRODUCT_BUNDLE_IDENTIFIER = com.brunohd.MedalbumTests;
				PRODUCT_NAME = "$(TARGET_NAME)";
				SWIFT_EMIT_LOC_STRINGS = NO;
				SWIFT_VERSION = 5.0;
				TARGETED_DEVICE_FAMILY = "1,2";
				TEST_HOST = "$(BUILT_PRODUCTS_DIR)/Medalbum.app/$(BUNDLE_EXECUTABLE_FOLDER_PATH)/Medalbum";
			};
			name = Debug;
		};
		035167C12C230CA5008EBE5C /* Release */ = {
			isa = XCBuildConfiguration;
			buildSettings = {
				ALWAYS_EMBED_SWIFT_STANDARD_LIBRARIES = YES;
				BUNDLE_LOADER = "$(TEST_HOST)";
				CODE_SIGN_STYLE = Automatic;
				CURRENT_PROJECT_VERSION = 1;
				DEVELOPMENT_TEAM = J7T48SP5FT;
				GENERATE_INFOPLIST_FILE = YES;
				IPHONEOS_DEPLOYMENT_TARGET = 17.5;
				MARKETING_VERSION = 1.0;
				PRODUCT_BUNDLE_IDENTIFIER = com.brunohd.MedalbumTests;
				PRODUCT_NAME = "$(TARGET_NAME)";
				SWIFT_EMIT_LOC_STRINGS = NO;
				SWIFT_VERSION = 5.0;
				TARGETED_DEVICE_FAMILY = "1,2";
				TEST_HOST = "$(BUILT_PRODUCTS_DIR)/Medalbum.app/$(BUNDLE_EXECUTABLE_FOLDER_PATH)/Medalbum";
			};
			name = Release;
		};
		035167C32C230CA5008EBE5C /* Debug */ = {
			isa = XCBuildConfiguration;
			buildSettings = {
				ALWAYS_EMBED_SWIFT_STANDARD_LIBRARIES = YES;
				CODE_SIGN_STYLE = Automatic;
				CURRENT_PROJECT_VERSION = 1;
				DEVELOPMENT_TEAM = J7T48SP5FT;
				GENERATE_INFOPLIST_FILE = YES;
				MARKETING_VERSION = 1.0;
				PRODUCT_BUNDLE_IDENTIFIER = com.brunohd.MedalbumUITests;
				PRODUCT_NAME = "$(TARGET_NAME)";
				SWIFT_EMIT_LOC_STRINGS = NO;
				SWIFT_VERSION = 5.0;
				TARGETED_DEVICE_FAMILY = "1,2";
				TEST_TARGET_NAME = Medalbum;
			};
			name = Debug;
		};
		035167C42C230CA5008EBE5C /* Release */ = {
			isa = XCBuildConfiguration;
			buildSettings = {
				ALWAYS_EMBED_SWIFT_STANDARD_LIBRARIES = YES;
				CODE_SIGN_STYLE = Automatic;
				CURRENT_PROJECT_VERSION = 1;
				DEVELOPMENT_TEAM = J7T48SP5FT;
				GENERATE_INFOPLIST_FILE = YES;
				MARKETING_VERSION = 1.0;
				PRODUCT_BUNDLE_IDENTIFIER = com.brunohd.MedalbumUITests;
				PRODUCT_NAME = "$(TARGET_NAME)";
				SWIFT_EMIT_LOC_STRINGS = NO;
				SWIFT_VERSION = 5.0;
				TARGETED_DEVICE_FAMILY = "1,2";
				TEST_TARGET_NAME = Medalbum;
			};
			name = Release;
		};
/* End XCBuildConfiguration section */

/* Begin XCConfigurationList section */
		035167932C230CA4008EBE5C /* Build configuration list for PBXProject "Medalbum" */ = {
			isa = XCConfigurationList;
			buildConfigurations = (
				035167BA2C230CA5008EBE5C /* Debug */,
				035167BB2C230CA5008EBE5C /* Release */,
			);
			defaultConfigurationIsVisible = 0;
			defaultConfigurationName = Release;
		};
		035167BC2C230CA5008EBE5C /* Build configuration list for PBXNativeTarget "Medalbum" */ = {
			isa = XCConfigurationList;
			buildConfigurations = (
				035167BD2C230CA5008EBE5C /* Debug */,
				035167BE2C230CA5008EBE5C /* Release */,
			);
			defaultConfigurationIsVisible = 0;
			defaultConfigurationName = Release;
		};
		035167BF2C230CA5008EBE5C /* Build configuration list for PBXNativeTarget "MedalbumTests" */ = {
			isa = XCConfigurationList;
			buildConfigurations = (
				035167C02C230CA5008EBE5C /* Debug */,
				035167C12C230CA5008EBE5C /* Release */,
			);
			defaultConfigurationIsVisible = 0;
			defaultConfigurationName = Release;
		};
		035167C22C230CA5008EBE5C /* Build configuration list for PBXNativeTarget "MedalbumUITests" */ = {
			isa = XCConfigurationList;
			buildConfigurations = (
				035167C32C230CA5008EBE5C /* Debug */,
				035167C42C230CA5008EBE5C /* Release */,
			);
			defaultConfigurationIsVisible = 0;
			defaultConfigurationName = Release;
		};
/* End XCConfigurationList section */
	};
	rootObject = 035167902C230CA4008EBE5C /* Project object */;
}
